<?xml version="1.0" encoding="utf-8"?>
<Project ToolsVersion="4.0" xmlns="http://schemas.microsoft.com/developer/msbuild/2003">
  <ItemGroup>
    <Filter Include="SourceFiles">
      <UniqueIdentifier>{5b17eb96-a9fd-47cf-885c-11c3e07c1e11}</UniqueIdentifier>
    </Filter>
    <Filter Include="HeaderFiles">
      <UniqueIdentifier>{df33118d-f826-4f30-ac87-dcfce1b8abb5}</UniqueIdentifier>
    </Filter>
    <Filter Include="ResourceFiles">
      <UniqueIdentifier>{553d3107-de22-4128-a062-498fefb2c5b5}</UniqueIdentifier>
    </Filter>
  </ItemGroup>
  <ItemGroup>
    <ClCompile Include="main.cpp">
      <Filter>SourceFiles</Filter>
    </ClCompile>
    <ClCompile Include="Texture.cpp">
      <Filter>SourceFiles</Filter>
    </ClCompile>
  </ItemGroup>
  <ItemGroup>
    <ClInclude Include="Example.h">
      <Filter>HeaderFiles</Filter>
    </ClInclude>
    <ClInclude Include="Raytracer.h">
      <Filter>HeaderFiles</Filter>
    </ClInclude>
    <ClInclude Include="Object.h">
      <Filter>HeaderFiles</Filter>
    </ClInclude>
    <ClInclude Include="Texture.h">
      <Filter>HeaderFiles</Filter>
    </ClInclude>
  </ItemGroup>
  <ItemGroup>
    <FxCompile Include="VS.hlsl" />
    <FxCompile Include="PS.hlsl" />
  </ItemGroup>
  <ItemGroup>
    <Image Include="SaintPetersBasilica\negx.jpg">
      <Filter>ResourceFiles</Filter>
    </Image>
    <Image Include="SaintPetersBasilica\negy.jpg">
      <Filter>ResourceFiles</Filter>
    </Image>
    <Image Include="SaintPetersBasilica\negz.jpg">
      <Filter>ResourceFiles</Filter>
    </Image>
    <Image Include="SaintPetersBasilica\posx.jpg">
      <Filter>ResourceFiles</Filter>
    </Image>
    <Image Include="SaintPetersBasilica\posy.jpg">
      <Filter>ResourceFiles</Filter>
    </Image>
    <Image Include="SaintPetersBasilica\posz.jpg">
      <Filter>ResourceFiles</Filter>
    </Image>
  </ItemGroup>
</Project>
